
Microsoft Visual Studio Solution File, Format Version 12.00
# Visual Studio Version 17
VisualStudioVersion = 17.5.33516.290
MinimumVisualStudioVersion = 10.0.40219.1
Project("{2150E333-8FDC-42A3-9474-1A3956D46DE8}") = "src", "src", "{3FC6BFA9-285B-433C-A11D-3B71E3FC5039}"
EndProject
Project("{2150E333-8FDC-42A3-9474-1A3956D46DE8}") = "examples", "examples", "{27B86FFA-CCE5-42F5-A7E2-FF57B1BBAD45}"
EndProject
Project("{2150E333-8FDC-42A3-9474-1A3956D46DE8}") = "tests", "tests", "{40837F7E-51A7-4E43-9FA4-F4F6098A663D}"
EndProject
Project("{FAE04EC0-301F-11D3-BF4B-00C04F79EFBC}") = "Sphagnum.Abstractions", "src\Sphagnum.Abstractions\Sphagnum.Abstractions.csproj", "{3499EC5A-F818-4D51-8FFE-A177F3E51878}"
EndProject
Project("{FAE04EC0-301F-11D3-BF4B-00C04F79EFBC}") = "Sphagnum.Client", "src\Sphagnum.Client\Sphagnum.Client.csproj", "{CBF72C51-69FE-42A5-9C30-B2E92AFB7F12}"
EndProject
Project("{FAE04EC0-301F-11D3-BF4B-00C04F79EFBC}") = "Sphagnum.Server", "Sphagnum.Server\Sphagnum.Server.csproj", "{FF8082DB-5BEC-4A57-A253-B24CD63617EA}"
EndProject
Global
	GlobalSection(SolutionConfigurationPlatforms) = preSolution
		Debug|Any CPU = Debug|Any CPU
		Release|Any CPU = Release|Any CPU
	EndGlobalSection
	GlobalSection(ProjectConfigurationPlatforms) = postSolution
		{3499EC5A-F818-4D51-8FFE-A177F3E51878}.Debug|Any CPU.ActiveCfg = Debug|Any CPU
		{3499EC5A-F818-4D51-8FFE-A177F3E51878}.Debug|Any CPU.Build.0 = Debug|Any CPU
		{3499EC5A-F818-4D51-8FFE-A177F3E51878}.Release|Any CPU.ActiveCfg = Release|Any CPU
		{3499EC5A-F818-4D51-8FFE-A177F3E51878}.Release|Any CPU.Build.0 = Release|Any CPU
		{CBF72C51-69FE-42A5-9C30-B2E92AFB7F12}.Debug|Any CPU.ActiveCfg = Debug|Any CPU
		{CBF72C51-69FE-42A5-9C30-B2E92AFB7F12}.Debug|Any CPU.Build.0 = Debug|Any CPU
		{CBF72C51-69FE-42A5-9C30-B2E92AFB7F12}.Release|Any CPU.ActiveCfg = Release|Any CPU
		{CBF72C51-69FE-42A5-9C30-B2E92AFB7F12}.Release|Any CPU.Build.0 = Release|Any CPU
		{FF8082DB-5BEC-4A57-A253-B24CD63617EA}.Debug|Any CPU.ActiveCfg = Debug|Any CPU
		{FF8082DB-5BEC-4A57-A253-B24CD63617EA}.Debug|Any CPU.Build.0 = Debug|Any CPU
		{FF8082DB-5BEC-4A57-A253-B24CD63617EA}.Release|Any CPU.ActiveCfg = Release|Any CPU
		{FF8082DB-5BEC-4A57-A253-B24CD63617EA}.Release|Any CPU.Build.0 = Release|Any CPU
	EndGlobalSection
	GlobalSection(SolutionProperties) = preSolution
		HideSolutionNode = FALSE
	EndGlobalSection
	GlobalSection(NestedProjects) = preSolution
		{3499EC5A-F818-4D51-8FFE-A177F3E51878} = {3FC6BFA9-285B-433C-A11D-3B71E3FC5039}
		{CBF72C51-69FE-42A5-9C30-B2E92AFB7F12} = {3FC6BFA9-285B-433C-A11D-3B71E3FC5039}
		{FF8082DB-5BEC-4A57-A253-B24CD63617EA} = {3FC6BFA9-285B-433C-A11D-3B71E3FC5039}
	EndGlobalSection
	GlobalSection(ExtensibilityGlobals) = postSolution
		SolutionGuid = {09EB50E8-7E12-402A-9381-DEF269DFD94F}
	EndGlobalSection
EndGlobal
